# This file is automatically @generated by Wally.
# It is not intended for manual editing.
registry = "test"

[[package]]
name = "cody-nelson/promise"
version = "4.0.1"
dependencies = []

[[package]]
name = "cody-nelson/trove"
version = "0.0.1"
dependencies = [["t", "osyrisrblx/t@3.1.1"]]

[[package]]
name = "egomoose/bufferize"
version = "1.0.1"
dependencies = [["CargoSemver", "tim7775/cargo-semver@1.0.20"]]

[[package]]
name = "encodedvenom/fastcastredux"
version = "0.1.3"
dependencies = [["Signal", "sleitnick/signal@1.5.0"]]

[[package]]
name = "evaera/cmdr"
version = "1.12.0"
dependencies = []

[[package]]
name = "evaera/promise"
version = "4.0.0"
dependencies = []

[[package]]
name = "jsdotlua/boolean"
version = "1.2.7"
dependencies = [["number", "jsdotlua/number@1.2.7"]]

[[package]]
name = "jsdotlua/collections"
version = "1.2.7"
dependencies = [["es7-types", "jsdotlua/es7-types@1.2.7"], ["instance-of", "jsdotlua/instance-of@1.2.7"]]

[[package]]
name = "jsdotlua/console"
version = "1.2.7"
dependencies = [["collections", "jsdotlua/collections@1.2.7"]]

[[package]]
name = "jsdotlua/es7-types"
version = "1.2.7"
dependencies = []

[[package]]
name = "jsdotlua/instance-of"
version = "1.2.7"
dependencies = []

[[package]]
name = "jsdotlua/luau-polyfill"
version = "1.2.7"
dependencies = [["boolean", "jsdotlua/boolean@1.2.7"], ["collections", "jsdotlua/collections@1.2.7"], ["console", "jsdotlua/console@1.2.7"], ["es7-types", "jsdotlua/es7-types@1.2.7"], ["instance-of", "jsdotlua/instance-of@1.2.7"], ["math", "jsdotlua/math@1.2.7"], ["number", "jsdotlua/number@1.2.7"], ["string", "jsdotlua/string@1.2.7"], ["symbol-luau", "jsdotlua/symbol-luau@1.0.1"], ["timers", "jsdotlua/timers@1.2.7"]]

[[package]]
name = "jsdotlua/math"
version = "1.2.7"
dependencies = []

[[package]]
name = "jsdotlua/number"
version = "1.2.7"
dependencies = []

[[package]]
name = "jsdotlua/promise"
version = "3.5.2"
dependencies = []

[[package]]
name = "jsdotlua/react"
version = "17.2.1"
dependencies = [["luau-polyfill", "jsdotlua/luau-polyfill@1.2.7"], ["shared", "jsdotlua/shared@17.2.1"]]

[[package]]
name = "jsdotlua/react-reconciler"
version = "17.2.1"
dependencies = [["luau-polyfill", "jsdotlua/luau-polyfill@1.2.7"], ["promise", "jsdotlua/promise@3.5.2"], ["react", "jsdotlua/react@17.2.1"], ["scheduler", "jsdotlua/scheduler@17.2.1"], ["shared", "jsdotlua/shared@17.2.1"]]

[[package]]
name = "jsdotlua/react-roblox"
version = "17.2.1"
dependencies = [["luau-polyfill", "jsdotlua/luau-polyfill@1.2.7"], ["react", "jsdotlua/react@17.2.1"], ["react-reconciler", "jsdotlua/react-reconciler@17.2.1"], ["scheduler", "jsdotlua/scheduler@17.2.1"], ["shared", "jsdotlua/shared@17.2.1"]]

[[package]]
name = "jsdotlua/scheduler"
version = "17.2.1"
dependencies = [["luau-polyfill", "jsdotlua/luau-polyfill@1.2.7"], ["shared", "jsdotlua/shared@17.2.1"]]

[[package]]
name = "jsdotlua/shared"
version = "17.2.1"
dependencies = [["luau-polyfill", "jsdotlua/luau-polyfill@1.2.7"]]

[[package]]
name = "jsdotlua/string"
version = "1.2.7"
dependencies = [["es7-types", "jsdotlua/es7-types@1.2.7"], ["number", "jsdotlua/number@1.2.7"]]

[[package]]
name = "jsdotlua/symbol-luau"
version = "1.0.1"
dependencies = []

[[package]]
name = "jsdotlua/timers"
version = "1.2.7"
dependencies = [["collections", "jsdotlua/collections@1.2.7"]]

[[package]]
name = "onlyroids/dumpster"
version = "0.3.10"
dependencies = []

[[package]]
name = "osyrisrblx/t"
version = "3.1.1"
dependencies = []

[[package]]
name = "pc/growabrainrot"
version = "0.1.0"
dependencies = [["BufferUtil", "sleitnick/buffer-util@0.3.2"], ["Bufferize", "egomoose/bufferize@1.0.1"], ["Cmdr", "evaera/cmdr@1.12.0"], ["Comm", "sleitnick/comm@1.0.1"], ["Component", "sleitnick/component@2.4.8"], ["Concur", "sleitnick/concur@0.1.2"], ["Dumpster", "onlyroids/dumpster@0.3.10"], ["EnumList", "sleitnick/enum-list@2.1.0"], ["FastCastRedux", "encodedvenom/fastcastredux@0.1.3"], ["Find", "sleitnick/find@1.0.0"], ["Input", "sleitnick/input@3.0.0"], ["Loader", "sleitnick/loader@2.0.0"], ["Log", "sleitnick/log@0.1.2"], ["Net", "sleitnick/net@0.2.0"], ["Option", "sleitnick/option@1.0.5"], ["PID", "sleitnick/pid@2.1.0"], ["Promise", "cody-nelson/promise@4.0.1"], ["Quaternion", "sleitnick/quaternion@0.2.3"], ["Query", "sleitnick/query@0.2.0"], ["React", "jsdotlua/react@17.2.1"], ["ReactRoblox", "jsdotlua/react-roblox@17.2.1"], ["Sequent", "sleitnick/sequent@0.1.0"], ["Ser", "sleitnick/ser@1.0.5"], ["Shake", "sleitnick/shake@1.1.0"], ["ShapecastHitbox", "teamswordphin/shapecasthitbox@0.2.9"], ["Signal", "sleitnick/signal@2.0.3"], ["Silo", "sleitnick/silo@0.2.0"], ["Spring", "sleitnick/spring@1.0.0"], ["Streamable", "sleitnick/streamable@1.2.4"], ["Symbol", "sleitnick/symbol@2.0.1"], ["TableUtil", "sleitnick/table-util@1.2.1"], ["TaskQueue", "sleitnick/task-queue@1.0.0"], ["Timer", "sleitnick/timer@2.0.0"], ["Tree", "sleitnick/tree@1.1.0"], ["Trove", "cody-nelson/trove@0.0.1"], ["WaitFor", "sleitnick/wait-for@1.0.0"], ["react", "jsdotlua/react@17.2.1"]]

[[package]]
name = "sleitnick/buffer-util"
version = "0.3.2"
dependencies = []

[[package]]
name = "sleitnick/comm"
version = "1.0.1"
dependencies = [["Option", "sleitnick/option@1.0.5"], ["Promise", "evaera/promise@4.0.0"], ["Signal", "sleitnick/signal@2.0.3"]]

[[package]]
name = "sleitnick/component"
version = "2.4.8"
dependencies = [["Promise", "evaera/promise@4.0.0"], ["Signal", "sleitnick/signal@2.0.3"], ["Symbol", "sleitnick/symbol@2.0.1"], ["Trove", "sleitnick/trove@1.8.0"]]

[[package]]
name = "sleitnick/concur"
version = "0.1.2"
dependencies = []

[[package]]
name = "sleitnick/enum-list"
version = "2.1.0"
dependencies = []

[[package]]
name = "sleitnick/find"
version = "1.0.0"
dependencies = []

[[package]]
name = "sleitnick/input"
version = "3.0.0"
dependencies = [["Signal", "sleitnick/signal@2.0.3"], ["Trove", "sleitnick/trove@1.8.0"]]

[[package]]
name = "sleitnick/loader"
version = "2.0.0"
dependencies = []

[[package]]
name = "sleitnick/log"
version = "0.1.2"
dependencies = []

[[package]]
name = "sleitnick/net"
version = "0.2.0"
dependencies = []

[[package]]
name = "sleitnick/option"
version = "1.0.5"
dependencies = []

[[package]]
name = "sleitnick/pid"
version = "2.1.0"
dependencies = []

[[package]]
name = "sleitnick/quaternion"
version = "0.2.3"
dependencies = []

[[package]]
name = "sleitnick/query"
version = "0.2.0"
dependencies = []

[[package]]
name = "sleitnick/sequent"
version = "0.1.0"
dependencies = []

[[package]]
name = "sleitnick/ser"
version = "1.0.5"
dependencies = [["Option", "sleitnick/option@1.0.5"]]

[[package]]
name = "sleitnick/shake"
version = "1.1.0"
dependencies = []

[[package]]
name = "sleitnick/signal"
version = "1.5.0"
dependencies = []

[[package]]
name = "sleitnick/signal"
version = "2.0.3"
dependencies = []

[[package]]
name = "sleitnick/silo"
version = "0.2.0"
dependencies = []

[[package]]
name = "sleitnick/spring"
version = "1.0.0"
dependencies = []

[[package]]
name = "sleitnick/streamable"
version = "1.2.4"
dependencies = [["Signal", "sleitnick/signal@1.5.0"], ["Trove", "sleitnick/trove@0.4.2"]]

[[package]]
name = "sleitnick/symbol"
version = "2.0.1"
dependencies = []

[[package]]
name = "sleitnick/table-util"
version = "1.2.1"
dependencies = []

[[package]]
name = "sleitnick/task-queue"
version = "1.0.0"
dependencies = []

[[package]]
name = "sleitnick/timer"
version = "2.0.0"
dependencies = [["Signal", "sleitnick/signal@2.0.3"]]

[[package]]
name = "sleitnick/tree"
version = "1.1.0"
dependencies = []

[[package]]
name = "sleitnick/trove"
version = "0.4.2"
dependencies = []

[[package]]
name = "sleitnick/trove"
version = "1.8.0"
dependencies = []

[[package]]
name = "sleitnick/wait-for"
version = "1.0.0"
dependencies = [["Promise", "evaera/promise@4.0.0"]]

[[package]]
name = "teamswordphin/shapecasthitbox"
version = "0.2.9"
dependencies = []

[[package]]
name = "tim7775/cargo-semver"
version = "1.0.20"
dependencies = []
